
Microsoft Visual Studio Solution File, Format Version 12.00
# Visual Studio Version 17
VisualStudioVersion = 17.11.35327.3
MinimumVisualStudioVersion = 10.0.40219.1
Project("{9A19103F-16F7-4668-BE54-9A1E7A4F7556}") = "Simulator", "Simulator\Simulator.csproj", "{7D89AB6B-C04A-4D8B-BE78-93F23F092ACF}"
EndProject
Project("{FAE04EC0-301F-11D3-BF4B-00C04F79EFBC}") = "Runner", "Runner\Runner.csproj", "{806450C7-0D81-410A-8A90-543CA8B250FF}"
EndProject
Project("{FAE04EC0-301F-11D3-BF4B-00C04F79EFBC}") = "TestSimulator", "TestSimulator\TestSimulator.csproj", "{D2A40CB0-847F-450B-A3B2-731B87062DA3}"
EndProject
Global
	GlobalSection(SolutionConfigurationPlatforms) = preSolution
		Debug|Any CPU = Debug|Any CPU
		Release|Any CPU = Release|Any CPU
	EndGlobalSection
	GlobalSection(ProjectConfigurationPlatforms) = postSolution
		{7D89AB6B-C04A-4D8B-BE78-93F23F092ACF}.Debug|Any CPU.ActiveCfg = Debug|Any CPU
		{7D89AB6B-C04A-4D8B-BE78-93F23F092ACF}.Debug|Any CPU.Build.0 = Debug|Any CPU
		{7D89AB6B-C04A-4D8B-BE78-93F23F092ACF}.Release|Any CPU.ActiveCfg = Release|Any CPU
		{7D89AB6B-C04A-4D8B-BE78-93F23F092ACF}.Release|Any CPU.Build.0 = Release|Any CPU
		{806450C7-0D81-410A-8A90-543CA8B250FF}.Debug|Any CPU.ActiveCfg = Debug|Any CPU
		{806450C7-0D81-410A-8A90-543CA8B250FF}.Debug|Any CPU.Build.0 = Debug|Any CPU
		{806450C7-0D81-410A-8A90-543CA8B250FF}.Release|Any CPU.ActiveCfg = Release|Any CPU
		{806450C7-0D81-410A-8A90-543CA8B250FF}.Release|Any CPU.Build.0 = Release|Any CPU
		{D2A40CB0-847F-450B-A3B2-731B87062DA3}.Debug|Any CPU.ActiveCfg = Debug|Any CPU
		{D2A40CB0-847F-450B-A3B2-731B87062DA3}.Debug|Any CPU.Build.0 = Debug|Any CPU
		{D2A40CB0-847F-450B-A3B2-731B87062DA3}.Release|Any CPU.ActiveCfg = Release|Any CPU
		{D2A40CB0-847F-450B-A3B2-731B87062DA3}.Release|Any CPU.Build.0 = Release|Any CPU
	EndGlobalSection
	GlobalSection(SolutionProperties) = preSolution
		HideSolutionNode = FALSE
	EndGlobalSection
	GlobalSection(ExtensibilityGlobals) = postSolution
		SolutionGuid = {84C4D393-A9D6-436A-9D27-EC310E3FCE13}
	EndGlobalSection
EndGlobal
